// !$*UTF8*$!
{
	archiveVersion = 1;
	classes = {
	};
	objectVersion = 56;
	objects = {

/* Begin PBXBuildFile section */
		814F13D42BF3C9700012B6C3 /* KitchenCalculatorApp.swift in Sources */ = {isa = PBXBuildFile; fileRef = 814F13D32BF3C9700012B6C3 /* KitchenCalculatorApp.swift */; };
		814F13D62BF3C9700012B6C3 /* StartView.swift in Sources */ = {isa = PBXBuildFile; fileRef = 814F13D52BF3C9700012B6C3 /* StartView.swift */; };
		814F13D82BF3C9710012B6C3 /* Assets.xcassets in Resources */ = {isa = PBXBuildFile; fileRef = 814F13D72BF3C9710012B6C3 /* Assets.xcassets */; };
		814F13DB2BF3C9710012B6C3 /* Preview Assets.xcassets in Resources */ = {isa = PBXBuildFile; fileRef = 814F13DA2BF3C9710012B6C3 /* Preview Assets.xcassets */; };
		814F13E32BF3CD9A0012B6C3 /* CustomMeasureOfMagnitude.swift in Sources */ = {isa = PBXBuildFile; fileRef = 814F13E22BF3CD9A0012B6C3 /* CustomMeasureOfMagnitude.swift */; };
		814F14212BFA0C050012B6C3 /* Ingredient.swift in Sources */ = {isa = PBXBuildFile; fileRef = 814F14202BFA0C050012B6C3 /* Ingredient.swift */; };
		814F14262BFA1A680012B6C3 /* StartViewModel.swift in Sources */ = {isa = PBXBuildFile; fileRef = 814F14252BFA1A680012B6C3 /* StartViewModel.swift */; };
		814F142C2BFDECBD0012B6C3 /* IngredientView.swift in Sources */ = {isa = PBXBuildFile; fileRef = 814F142B2BFDECBD0012B6C3 /* IngredientView.swift */; };
		814F142E2BFDEEF90012B6C3 /* Packing.swift in Sources */ = {isa = PBXBuildFile; fileRef = 814F142D2BFDEEF90012B6C3 /* Packing.swift */; };
		814F14302BFDF14A0012B6C3 /* Tab.swift in Sources */ = {isa = PBXBuildFile; fileRef = 814F142F2BFDF14A0012B6C3 /* Tab.swift */; };
		814F14342BFDF1850012B6C3 /* CustomTabBar.swift in Sources */ = {isa = PBXBuildFile; fileRef = 814F14332BFDF1850012B6C3 /* CustomTabBar.swift */; };
		814F14362BFE04920012B6C3 /* CustomPickerMeasureView.swift in Sources */ = {isa = PBXBuildFile; fileRef = 814F14352BFE04920012B6C3 /* CustomPickerMeasureView.swift */; };
		814F14382BFE06F60012B6C3 /* CustomMeasureOfMagnitude1.swift in Sources */ = {isa = PBXBuildFile; fileRef = 814F14372BFE06F60012B6C3 /* CustomMeasureOfMagnitude1.swift */; };
		814F14402BFE310F0012B6C3 /* IngredientViewModel.swift in Sources */ = {isa = PBXBuildFile; fileRef = 814F143F2BFE310F0012B6C3 /* IngredientViewModel.swift */; };
		814F14452BFE3AB80012B6C3 /* AddNewIngredientView.swift in Sources */ = {isa = PBXBuildFile; fileRef = 814F14442BFE3AB80012B6C3 /* AddNewIngredientView.swift */; };
		814F14482BFE3AD30012B6C3 /* AddNewIngredientViewModel.swift in Sources */ = {isa = PBXBuildFile; fileRef = 814F14472BFE3AD30012B6C3 /* AddNewIngredientViewModel.swift */; };
		814F144A2BFE3E6F0012B6C3 /* CostumTextFieldModifire.swift in Sources */ = {isa = PBXBuildFile; fileRef = 814F14492BFE3E6F0012B6C3 /* CostumTextFieldModifire.swift */; };
		81F047102C05C14400117B00 /* RealmSwift in Frameworks */ = {isa = PBXBuildFile; productRef = 81F0470F2C05C14400117B00 /* RealmSwift */; };
		81F047152C05C7FE00117B00 /* RealmService.swift in Sources */ = {isa = PBXBuildFile; fileRef = 81F047142C05C7FE00117B00 /* RealmService.swift */; };
/* End PBXBuildFile section */

/* Begin PBXFileReference section */
		814F13D02BF3C9700012B6C3 /* KitchenCalculator.app */ = {isa = PBXFileReference; explicitFileType = wrapper.application; includeInIndex = 0; path = KitchenCalculator.app; sourceTree = BUILT_PRODUCTS_DIR; };
		814F13D32BF3C9700012B6C3 /* KitchenCalculatorApp.swift */ = {isa = PBXFileReference; lastKnownFileType = sourcecode.swift; path = KitchenCalculatorApp.swift; sourceTree = "<group>"; };
		814F13D52BF3C9700012B6C3 /* StartView.swift */ = {isa = PBXFileReference; lastKnownFileType = sourcecode.swift; path = StartView.swift; sourceTree = "<group>"; };
		814F13D72BF3C9710012B6C3 /* Assets.xcassets */ = {isa = PBXFileReference; lastKnownFileType = folder.assetcatalog; path = Assets.xcassets; sourceTree = "<group>"; };
		814F13DA2BF3C9710012B6C3 /* Preview Assets.xcassets */ = {isa = PBXFileReference; lastKnownFileType = folder.assetcatalog; path = "Preview Assets.xcassets"; sourceTree = "<group>"; };
		814F13E22BF3CD9A0012B6C3 /* CustomMeasureOfMagnitude.swift */ = {isa = PBXFileReference; lastKnownFileType = sourcecode.swift; path = CustomMeasureOfMagnitude.swift; sourceTree = "<group>"; };
		814F14202BFA0C050012B6C3 /* Ingredient.swift */ = {isa = PBXFileReference; lastKnownFileType = sourcecode.swift; path = Ingredient.swift; sourceTree = "<group>"; };
		814F14252BFA1A680012B6C3 /* StartViewModel.swift */ = {isa = PBXFileReference; lastKnownFileType = sourcecode.swift; path = StartViewModel.swift; sourceTree = "<group>"; };
		814F142B2BFDECBD0012B6C3 /* IngredientView.swift */ = {isa = PBXFileReference; lastKnownFileType = sourcecode.swift; path = IngredientView.swift; sourceTree = "<group>"; };
		814F142D2BFDEEF90012B6C3 /* Packing.swift */ = {isa = PBXFileReference; lastKnownFileType = sourcecode.swift; path = Packing.swift; sourceTree = "<group>"; };
		814F142F2BFDF14A0012B6C3 /* Tab.swift */ = {isa = PBXFileReference; lastKnownFileType = sourcecode.swift; path = Tab.swift; sourceTree = "<group>"; };
		814F14332BFDF1850012B6C3 /* CustomTabBar.swift */ = {isa = PBXFileReference; lastKnownFileType = sourcecode.swift; path = CustomTabBar.swift; sourceTree = "<group>"; };
		814F14352BFE04920012B6C3 /* CustomPickerMeasureView.swift */ = {isa = PBXFileReference; lastKnownFileType = sourcecode.swift; path = CustomPickerMeasureView.swift; sourceTree = "<group>"; };
		814F14372BFE06F60012B6C3 /* CustomMeasureOfMagnitude1.swift */ = {isa = PBXFileReference; lastKnownFileType = sourcecode.swift; path = CustomMeasureOfMagnitude1.swift; sourceTree = "<group>"; };
		814F143F2BFE310F0012B6C3 /* IngredientViewModel.swift */ = {isa = PBXFileReference; lastKnownFileType = sourcecode.swift; path = IngredientViewModel.swift; sourceTree = "<group>"; };
		814F14442BFE3AB80012B6C3 /* AddNewIngredientView.swift */ = {isa = PBXFileReference; lastKnownFileType = sourcecode.swift; path = AddNewIngredientView.swift; sourceTree = "<group>"; };
		814F14472BFE3AD30012B6C3 /* AddNewIngredientViewModel.swift */ = {isa = PBXFileReference; lastKnownFileType = sourcecode.swift; path = AddNewIngredientViewModel.swift; sourceTree = "<group>"; };
		814F14492BFE3E6F0012B6C3 /* CostumTextFieldModifire.swift */ = {isa = PBXFileReference; lastKnownFileType = sourcecode.swift; path = CostumTextFieldModifire.swift; sourceTree = "<group>"; };
		81F047142C05C7FE00117B00 /* RealmService.swift */ = {isa = PBXFileReference; lastKnownFileType = sourcecode.swift; path = RealmService.swift; sourceTree = "<group>"; };
/* End PBXFileReference section */

/* Begin PBXFrameworksBuildPhase section */
		814F13CD2BF3C9700012B6C3 /* Frameworks */ = {
			isa = PBXFrameworksBuildPhase;
			buildActionMask = 2147483647;
			files = (
				81F047102C05C14400117B00 /* RealmSwift in Frameworks */,
			);
			runOnlyForDeploymentPostprocessing = 0;
		};
/* End PBXFrameworksBuildPhase section */

/* Begin PBXGroup section */
		814F13C72BF3C9700012B6C3 = {
			isa = PBXGroup;
			children = (
				814F13D22BF3C9700012B6C3 /* KitchenCalculator */,
				814F13D12BF3C9700012B6C3 /* Products */,
			);
			sourceTree = "<group>";
		};
		814F13D12BF3C9700012B6C3 /* Products */ = {
			isa = PBXGroup;
			children = (
				814F13D02BF3C9700012B6C3 /* KitchenCalculator.app */,
			);
			name = Products;
			sourceTree = "<group>";
		};
		814F13D22BF3C9700012B6C3 /* KitchenCalculator */ = {
			isa = PBXGroup;
			children = (
				814F13D32BF3C9700012B6C3 /* KitchenCalculatorApp.swift */,
				814F13E12BF3CD810012B6C3 /* Model */,
				814F13E42BF641D70012B6C3 /* View */,
				814F14242BFA1A420012B6C3 /* ViewModel */,
				814F144B2BFE3F670012B6C3 /* Extension+Modifire */,
				81F047162C05C80300117B00 /* Service */,
				814F13D72BF3C9710012B6C3 /* Assets.xcassets */,
				814F13D92BF3C9710012B6C3 /* Preview Content */,
			);
			path = KitchenCalculator;
			sourceTree = "<group>";
		};
		814F13D92BF3C9710012B6C3 /* Preview Content */ = {
			isa = PBXGroup;
			children = (
				814F13DA2BF3C9710012B6C3 /* Preview Assets.xcassets */,
				814F14572C022A7E0012B6C3 /* dont use */,
			);
			path = "Preview Content";
			sourceTree = "<group>";
		};
		814F13E12BF3CD810012B6C3 /* Model */ = {
			isa = PBXGroup;
			children = (
				814F13E22BF3CD9A0012B6C3 /* CustomMeasureOfMagnitude.swift */,
				814F14202BFA0C050012B6C3 /* Ingredient.swift */,
				814F14312BFDF1560012B6C3 /* CustomTab */,
			);
			path = Model;
			sourceTree = "<group>";
		};
		814F13E42BF641D70012B6C3 /* View */ = {
			isa = PBXGroup;
			children = (
				814F13D52BF3C9700012B6C3 /* StartView.swift */,
				814F142B2BFDECBD0012B6C3 /* IngredientView.swift */,
				814F14412BFE3A650012B6C3 /* Components */,
				814F14322BFDF16B0012B6C3 /* CustomView */,
			);
			path = View;
			sourceTree = "<group>";
		};
		814F14242BFA1A420012B6C3 /* ViewModel */ = {
			isa = PBXGroup;
			children = (
				814F14252BFA1A680012B6C3 /* StartViewModel.swift */,
				814F143F2BFE310F0012B6C3 /* IngredientViewModel.swift */,
				814F14462BFE3AC10012B6C3 /* Components */,
			);
			path = ViewModel;
			sourceTree = "<group>";
		};
		814F14312BFDF1560012B6C3 /* CustomTab */ = {
			isa = PBXGroup;
			children = (
				814F142F2BFDF14A0012B6C3 /* Tab.swift */,
			);
			path = CustomTab;
			sourceTree = "<group>";
		};
		814F14322BFDF16B0012B6C3 /* CustomView */ = {
			isa = PBXGroup;
			children = (
				814F14332BFDF1850012B6C3 /* CustomTabBar.swift */,
				814F14352BFE04920012B6C3 /* CustomPickerMeasureView.swift */,
			);
			path = CustomView;
			sourceTree = "<group>";
		};
		814F14392BFE0B940012B6C3 /* CustomMeasure */ = {
			isa = PBXGroup;
			children = (
			);
			path = CustomMeasure;
			sourceTree = "<group>";
		};
		814F14412BFE3A650012B6C3 /* Components */ = {
			isa = PBXGroup;
			children = (
				814F14442BFE3AB80012B6C3 /* AddNewIngredientView.swift */,
			);
			path = Components;
			sourceTree = "<group>";
		};
		814F14462BFE3AC10012B6C3 /* Components */ = {
			isa = PBXGroup;
			children = (
				814F14472BFE3AD30012B6C3 /* AddNewIngredientViewModel.swift */,
			);
			path = Components;
			sourceTree = "<group>";
		};
		814F144B2BFE3F670012B6C3 /* Extension+Modifire */ = {
			isa = PBXGroup;
			children = (
				814F14492BFE3E6F0012B6C3 /* CostumTextFieldModifire.swift */,
			);
			path = "Extension+Modifire";
			sourceTree = "<group>";
		};
		814F14572C022A7E0012B6C3 /* dont use */ = {
			isa = PBXGroup;
			children = (
				814F142D2BFDEEF90012B6C3 /* Packing.swift */,
				814F14392BFE0B940012B6C3 /* CustomMeasure */,
				814F14372BFE06F60012B6C3 /* CustomMeasureOfMagnitude1.swift */,
			);
			path = "dont use";
			sourceTree = "<group>";
		};
		81F047162C05C80300117B00 /* Service */ = {
			isa = PBXGroup;
			children = (
				81F047142C05C7FE00117B00 /* RealmService.swift */,
			);
			path = Service;
			sourceTree = "<group>";
		};
/* End PBXGroup section */

/* Begin PBXNativeTarget section */
		814F13CF2BF3C9700012B6C3 /* KitchenCalculator */ = {
			isa = PBXNativeTarget;
			buildConfigurationList = 814F13DE2BF3C9710012B6C3 /* Build configuration list for PBXNativeTarget "KitchenCalculator" */;
			buildPhases = (
				814F13CC2BF3C9700012B6C3 /* Sources */,
				814F13CD2BF3C9700012B6C3 /* Frameworks */,
				814F13CE2BF3C9700012B6C3 /* Resources */,
			);
			buildRules = (
			);
			dependencies = (
			);
			name = KitchenCalculator;
			packageProductDependencies = (
				81F0470F2C05C14400117B00 /* RealmSwift */,
			);
			productName = KitchenCalculator;
			productReference = 814F13D02BF3C9700012B6C3 /* KitchenCalculator.app */;
			productType = "com.apple.product-type.application";
		};
/* End PBXNativeTarget section */

/* Begin PBXProject section */
		814F13C82BF3C9700012B6C3 /* Project object */ = {
			isa = PBXProject;
			attributes = {
				BuildIndependentTargetsInParallel = 1;
				LastSwiftUpdateCheck = 1510;
				LastUpgradeCheck = 1510;
				TargetAttributes = {
					814F13CF2BF3C9700012B6C3 = {
						CreatedOnToolsVersion = 15.1;
					};
				};
			};
			buildConfigurationList = 814F13CB2BF3C9700012B6C3 /* Build configuration list for PBXProject "KitchenCalculator" */;
			compatibilityVersion = "Xcode 14.0";
			developmentRegion = en;
			hasScannedForEncodings = 0;
			knownRegions = (
				en,
				Base,
			);
			mainGroup = 814F13C72BF3C9700012B6C3;
			packageReferences = (
				81F0470E2C05C14400117B00 /* XCRemoteSwiftPackageReference "realm-swift" */,
			);
			productRefGroup = 814F13D12BF3C9700012B6C3 /* Products */;
			projectDirPath = "";
			projectRoot = "";
			targets = (
				814F13CF2BF3C9700012B6C3 /* KitchenCalculator */,
			);
		};
/* End PBXProject section */

/* Begin PBXResourcesBuildPhase section */
		814F13CE2BF3C9700012B6C3 /* Resources */ = {
			isa = PBXResourcesBuildPhase;
			buildActionMask = 2147483647;
			files = (
				814F13DB2BF3C9710012B6C3 /* Preview Assets.xcassets in Resources */,
				814F13D82BF3C9710012B6C3 /* Assets.xcassets in Resources */,
			);
			runOnlyForDeploymentPostprocessing = 0;
		};
/* End PBXResourcesBuildPhase section */

/* Begin PBXSourcesBuildPhase section */
		814F13CC2BF3C9700012B6C3 /* Sources */ = {
			isa = PBXSourcesBuildPhase;
			buildActionMask = 2147483647;
			files = (
				814F14262BFA1A680012B6C3 /* StartViewModel.swift in Sources */,
				814F14362BFE04920012B6C3 /* CustomPickerMeasureView.swift in Sources */,
				814F14482BFE3AD30012B6C3 /* AddNewIngredientViewModel.swift in Sources */,
				814F14212BFA0C050012B6C3 /* Ingredient.swift in Sources */,
				814F144A2BFE3E6F0012B6C3 /* CostumTextFieldModifire.swift in Sources */,
				814F14402BFE310F0012B6C3 /* IngredientViewModel.swift in Sources */,
				814F14382BFE06F60012B6C3 /* CustomMeasureOfMagnitude1.swift in Sources */,
				814F13E32BF3CD9A0012B6C3 /* CustomMeasureOfMagnitude.swift in Sources */,
				814F13D62BF3C9700012B6C3 /* StartView.swift in Sources */,
				814F14452BFE3AB80012B6C3 /* AddNewIngredientView.swift in Sources */,
				814F142E2BFDEEF90012B6C3 /* Packing.swift in Sources */,
				814F14342BFDF1850012B6C3 /* CustomTabBar.swift in Sources */,
				814F14302BFDF14A0012B6C3 /* Tab.swift in Sources */,
				814F142C2BFDECBD0012B6C3 /* IngredientView.swift in Sources */,
				814F13D42BF3C9700012B6C3 /* KitchenCalculatorApp.swift in Sources */,
				81F047152C05C7FE00117B00 /* RealmService.swift in Sources */,
			);
			runOnlyForDeploymentPostprocessing = 0;
		};
/* End PBXSourcesBuildPhase section */

/* Begin XCBuildConfiguration section */
		814F13DC2BF3C9710012B6C3 /* Debug */ = {
			isa = XCBuildConfiguration;
			buildSettings = {
				ALWAYS_SEARCH_USER_PATHS = NO;
				ASSETCATALOG_COMPILER_GENERATE_SWIFT_ASSET_SYMBOL_EXTENSIONS = YES;
				CLANG_ANALYZER_NONNULL = YES;
				CLANG_ANALYZER_NUMBER_OBJECT_CONVERSION = YES_AGGRESSIVE;
				CLANG_CXX_LANGUAGE_STANDARD = "gnu++20";
				CLANG_ENABLE_MODULES = YES;
				CLANG_ENABLE_OBJC_ARC = YES;
				CLANG_ENABLE_OBJC_WEAK = YES;
				CLANG_WARN_BLOCK_CAPTURE_AUTORELEASING = YES;
				CLANG_WARN_BOOL_CONVERSION = YES;
				CLANG_WARN_COMMA = YES;
				CLANG_WARN_CONSTANT_CONVERSION = YES;
				CLANG_WARN_DEPRECATED_OBJC_IMPLEMENTATIONS = YES;
				CLANG_WARN_DIRECT_OBJC_ISA_USAGE = YES_ERROR;
				CLANG_WARN_DOCUMENTATION_COMMENTS = YES;
				CLANG_WARN_EMPTY_BODY = YES;
				CLANG_WARN_ENUM_CONVERSION = YES;
				CLANG_WARN_INFINITE_RECURSION = YES;
				CLANG_WARN_INT_CONVERSION = YES;
				CLANG_WARN_NON_LITERAL_NULL_CONVERSION = YES;
				CLANG_WARN_OBJC_IMPLICIT_RETAIN_SELF = YES;
				CLANG_WARN_OBJC_LITERAL_CONVERSION = YES;
				CLANG_WARN_OBJC_ROOT_CLASS = YES_ERROR;
				CLANG_WARN_QUOTED_INCLUDE_IN_FRAMEWORK_HEADER = YES;
				CLANG_WARN_RANGE_LOOP_ANALYSIS = YES;
				CLANG_WARN_STRICT_PROTOTYPES = YES;
				CLANG_WARN_SUSPICIOUS_MOVE = YES;
				CLANG_WARN_UNGUARDED_AVAILABILITY = YES_AGGRESSIVE;
				CLANG_WARN_UNREACHABLE_CODE = YES;
				CLANG_WARN__DUPLICATE_METHOD_MATCH = YES;
				COPY_PHASE_STRIP = NO;
				DEBUG_INFORMATION_FORMAT = dwarf;
				ENABLE_STRICT_OBJC_MSGSEND = YES;
				ENABLE_TESTABILITY = YES;
				ENABLE_USER_SCRIPT_SANDBOXING = YES;
				GCC_C_LANGUAGE_STANDARD = gnu17;
				GCC_DYNAMIC_NO_PIC = NO;
				GCC_NO_COMMON_BLOCKS = YES;
				GCC_OPTIMIZATION_LEVEL = 0;
				GCC_PREPROCESSOR_DEFINITIONS = (
					"DEBUG=1",
					"$(inherited)",
				);
				GCC_WARN_64_TO_32_BIT_CONVERSION = YES;
				GCC_WARN_ABOUT_RETURN_TYPE = YES_ERROR;
				GCC_WARN_UNDECLARED_SELECTOR = YES;
				GCC_WARN_UNINITIALIZED_AUTOS = YES_AGGRESSIVE;
				GCC_WARN_UNUSED_FUNCTION = YES;
				GCC_WARN_UNUSED_VARIABLE = YES;
				IPHONEOS_DEPLOYMENT_TARGET = 17.2;
				LOCALIZATION_PREFERS_STRING_CATALOGS = YES;
				MTL_ENABLE_DEBUG_INFO = INCLUDE_SOURCE;
				MTL_FAST_MATH = YES;
				ONLY_ACTIVE_ARCH = YES;
				SDKROOT = iphoneos;
				SWIFT_ACTIVE_COMPILATION_CONDITIONS = "DEBUG $(inherited)";
				SWIFT_OPTIMIZATION_LEVEL = "-Onone";
			};
			name = Debug;
		};
		814F13DD2BF3C9710012B6C3 /* Release */ = {
			isa = XCBuildConfiguration;
			buildSettings = {
				ALWAYS_SEARCH_USER_PATHS = NO;
				ASSETCATALOG_COMPILER_GENERATE_SWIFT_ASSET_SYMBOL_EXTENSIONS = YES;
				CLANG_ANALYZER_NONNULL = YES;
				CLANG_ANALYZER_NUMBER_OBJECT_CONVERSION = YES_AGGRESSIVE;
				CLANG_CXX_LANGUAGE_STANDARD = "gnu++20";
				CLANG_ENABLE_MODULES = YES;
				CLANG_ENABLE_OBJC_ARC = YES;
				CLANG_ENABLE_OBJC_WEAK = YES;
				CLANG_WARN_BLOCK_CAPTURE_AUTORELEASING = YES;
				CLANG_WARN_BOOL_CONVERSION = YES;
				CLANG_WARN_COMMA = YES;
				CLANG_WARN_CONSTANT_CONVERSION = YES;
				CLANG_WARN_DEPRECATED_OBJC_IMPLEMENTATIONS = YES;
				CLANG_WARN_DIRECT_OBJC_ISA_USAGE = YES_ERROR;
				CLANG_WARN_DOCUMENTATION_COMMENTS = YES;
				CLANG_WARN_EMPTY_BODY = YES;
				CLANG_WARN_ENUM_CONVERSION = YES;
				CLANG_WARN_INFINITE_RECURSION = YES;
				CLANG_WARN_INT_CONVERSION = YES;
				CLANG_WARN_NON_LITERAL_NULL_CONVERSION = YES;
				CLANG_WARN_OBJC_IMPLICIT_RETAIN_SELF = YES;
				CLANG_WARN_OBJC_LITERAL_CONVERSION = YES;
				CLANG_WARN_OBJC_ROOT_CLASS = YES_ERROR;
				CLANG_WARN_QUOTED_INCLUDE_IN_FRAMEWORK_HEADER = YES;
				CLANG_WARN_RANGE_LOOP_ANALYSIS = YES;
				CLANG_WARN_STRICT_PROTOTYPES = YES;
				CLANG_WARN_SUSPICIOUS_MOVE = YES;
				CLANG_WARN_UNGUARDED_AVAILABILITY = YES_AGGRESSIVE;
				CLANG_WARN_UNREACHABLE_CODE = YES;
				CLANG_WARN__DUPLICATE_METHOD_MATCH = YES;
				COPY_PHASE_STRIP = NO;
				DEBUG_INFORMATION_FORMAT = "dwarf-with-dsym";
				ENABLE_NS_ASSERTIONS = NO;
				ENABLE_STRICT_OBJC_MSGSEND = YES;
				ENABLE_USER_SCRIPT_SANDBOXING = YES;
				GCC_C_LANGUAGE_STANDARD = gnu17;
				GCC_NO_COMMON_BLOCKS = YES;
				GCC_WARN_64_TO_32_BIT_CONVERSION = YES;
				GCC_WARN_ABOUT_RETURN_TYPE = YES_ERROR;
				GCC_WARN_UNDECLARED_SELECTOR = YES;
				GCC_WARN_UNINITIALIZED_AUTOS = YES_AGGRESSIVE;
				GCC_WARN_UNUSED_FUNCTION = YES;
				GCC_WARN_UNUSED_VARIABLE = YES;
				IPHONEOS_DEPLOYMENT_TARGET = 17.2;
				LOCALIZATION_PREFERS_STRING_CATALOGS = YES;
				MTL_ENABLE_DEBUG_INFO = NO;
				MTL_FAST_MATH = YES;
				SDKROOT = iphoneos;
				SWIFT_COMPILATION_MODE = wholemodule;
				VALIDATE_PRODUCT = YES;
			};
			name = Release;
		};
		814F13DF2BF3C9710012B6C3 /* Debug */ = {
			isa = XCBuildConfiguration;
			buildSettings = {
				ASSETCATALOG_COMPILER_APPICON_NAME = AppIcon;
				ASSETCATALOG_COMPILER_GLOBAL_ACCENT_COLOR_NAME = AccentColor;
				CODE_SIGN_STYLE = Automatic;
				CURRENT_PROJECT_VERSION = 1;
				DEVELOPMENT_ASSET_PATHS = "\"KitchenCalculator/Preview Content\"";
				DEVELOPMENT_TEAM = D7T3X3Y5K7;
				ENABLE_PREVIEWS = YES;
				GENERATE_INFOPLIST_FILE = YES;
				INFOPLIST_KEY_UIApplicationSceneManifest_Generation = YES;
				INFOPLIST_KEY_UIApplicationSupportsIndirectInputEvents = YES;
				INFOPLIST_KEY_UILaunchScreen_Generation = YES;
				INFOPLIST_KEY_UISupportedInterfaceOrientations_iPad = "UIInterfaceOrientationPortrait UIInterfaceOrientationPortraitUpsideDown UIInterfaceOrientationLandscapeLeft UIInterfaceOrientationLandscapeRight";
				INFOPLIST_KEY_UISupportedInterfaceOrientations_iPhone = "UIInterfaceOrientationPortrait UIInterfaceOrientationLandscapeLeft UIInterfaceOrientationLandscapeRight";
				LD_RUNPATH_SEARCH_PATHS = (
					"$(inherited)",
					"@executable_path/Frameworks",
				);
				MARKETING_VERSION = 1.0;
				PRODUCT_BUNDLE_IDENTIFIER = com.artkamadi.KitchenCalculator;
				PRODUCT_NAME = "$(TARGET_NAME)";
				SWIFT_EMIT_LOC_STRINGS = YES;
				SWIFT_VERSION = 5.0;
				TARGETED_DEVICE_FAMILY = "1,2";
			};
			name = Debug;
		};
		814F13E02BF3C9710012B6C3 /* Release */ = {
			isa = XCBuildConfiguration;
			buildSettings = {
				ASSETCATALOG_COMPILER_APPICON_NAME = AppIcon;
				ASSETCATALOG_COMPILER_GLOBAL_ACCENT_COLOR_NAME = AccentColor;
				CODE_SIGN_STYLE = Automatic;
				CURRENT_PROJECT_VERSION = 1;
				DEVELOPMENT_ASSET_PATHS = "\"KitchenCalculator/Preview Content\"";
				DEVELOPMENT_TEAM = D7T3X3Y5K7;
				ENABLE_PREVIEWS = YES;
				GENERATE_INFOPLIST_FILE = YES;
				INFOPLIST_KEY_UIApplicationSceneManifest_Generation = YES;
				INFOPLIST_KEY_UIApplicationSupportsIndirectInputEvents = YES;
				INFOPLIST_KEY_UILaunchScreen_Generation = YES;
				INFOPLIST_KEY_UISupportedInterfaceOrientations_iPad = "UIInterfaceOrientationPortrait UIInterfaceOrientationPortraitUpsideDown UIInterfaceOrientationLandscapeLeft UIInterfaceOrientationLandscapeRight";
				INFOPLIST_KEY_UISupportedInterfaceOrientations_iPhone = "UIInterfaceOrientationPortrait UIInterfaceOrientationLandscapeLeft UIInterfaceOrientationLandscapeRight";
				LD_RUNPATH_SEARCH_PATHS = (
					"$(inherited)",
					"@executable_path/Frameworks",
				);
				MARKETING_VERSION = 1.0;
				PRODUCT_BUNDLE_IDENTIFIER = com.artkamadi.KitchenCalculator;
				PRODUCT_NAME = "$(TARGET_NAME)";
				SWIFT_EMIT_LOC_STRINGS = YES;
				SWIFT_VERSION = 5.0;
				TARGETED_DEVICE_FAMILY = "1,2";
			};
			name = Release;
		};
/* End XCBuildConfiguration section */

/* Begin XCConfigurationList section */
		814F13CB2BF3C9700012B6C3 /* Build configuration list for PBXProject "KitchenCalculator" */ = {
			isa = XCConfigurationList;
			buildConfigurations = (
				814F13DC2BF3C9710012B6C3 /* Debug */,
				814F13DD2BF3C9710012B6C3 /* Release */,
			);
			defaultConfigurationIsVisible = 0;
			defaultConfigurationName = Release;
		};
		814F13DE2BF3C9710012B6C3 /* Build configuration list for PBXNativeTarget "KitchenCalculator" */ = {
			isa = XCConfigurationList;
			buildConfigurations = (
				814F13DF2BF3C9710012B6C3 /* Debug */,
				814F13E02BF3C9710012B6C3 /* Release */,
			);
			defaultConfigurationIsVisible = 0;
			defaultConfigurationName = Release;
		};
/* End XCConfigurationList section */

/* Begin XCRemoteSwiftPackageReference section */
		81F0470E2C05C14400117B00 /* XCRemoteSwiftPackageReference "realm-swift" */ = {
			isa = XCRemoteSwiftPackageReference;
			repositoryURL = "https://github.com/realm/realm-swift.git";
			requirement = {
				branch = master;
				kind = branch;
			};
		};
/* End XCRemoteSwiftPackageReference section */

/* Begin XCSwiftPackageProductDependency section */
		81F0470F2C05C14400117B00 /* RealmSwift */ = {
			isa = XCSwiftPackageProductDependency;
			package = 81F0470E2C05C14400117B00 /* XCRemoteSwiftPackageReference "realm-swift" */;
			productName = RealmSwift;
		};
/* End XCSwiftPackageProductDependency section */
	};
	rootObject = 814F13C82BF3C9700012B6C3 /* Project object */;
}
